
Microsoft Visual Studio Solution File, Format Version 12.00
# Visual Studio Version 17
VisualStudioVersion = 17.0.31612.314
MinimumVisualStudioVersion = 10.0.40219.1
Project("{FAE04EC0-301F-11D3-BF4B-00C04F79EFBC}") = "Exercises", "Exercises\Exercises.csproj", "{4C386CCD-74BD-4DA0-B5C8-97B105E3D131}"
EndProject
Project("{FAE04EC0-301F-11D3-BF4B-00C04F79EFBC}") = "ExercisesTests", "ExercisesTests\ExercisesTests.csproj", "{413D5EB0-F05A-43B4-9D1B-44A5324223E2}"
EndProject
Global
	GlobalSection(SolutionConfigurationPlatforms) = preSolution
		Debug|Any CPU = Debug|Any CPU
		Release|Any CPU = Release|Any CPU
	EndGlobalSection
	GlobalSection(ProjectConfigurationPlatforms) = postSolution
		{4C386CCD-74BD-4DA0-B5C8-97B105E3D131}.Debug|Any CPU.ActiveCfg = Debug|Any CPU
		{4C386CCD-74BD-4DA0-B5C8-97B105E3D131}.Debug|Any CPU.Build.0 = Debug|Any CPU
		{4C386CCD-74BD-4DA0-B5C8-97B105E3D131}.Release|Any CPU.ActiveCfg = Release|Any CPU
		{4C386CCD-74BD-4DA0-B5C8-97B105E3D131}.Release|Any CPU.Build.0 = Release|Any CPU
		{413D5EB0-F05A-43B4-9D1B-44A5324223E2}.Debug|Any CPU.ActiveCfg = Debug|Any CPU
		{413D5EB0-F05A-43B4-9D1B-44A5324223E2}.Debug|Any CPU.Build.0 = Debug|Any CPU
		{413D5EB0-F05A-43B4-9D1B-44A5324223E2}.Release|Any CPU.ActiveCfg = Release|Any CPU
		{413D5EB0-F05A-43B4-9D1B-44A5324223E2}.Release|Any CPU.Build.0 = Release|Any CPU
	EndGlobalSection
	GlobalSection(SolutionProperties) = preSolution
		HideSolutionNode = FALSE
	EndGlobalSection
	GlobalSection(ExtensibilityGlobals) = postSolution
		SolutionGuid = {A55DC45D-45CC-4C62-BBB0-2659DDA406F7}
	EndGlobalSection
EndGlobal
